
Microsoft Visual Studio Solution File, Format Version 12.00
# Visual Studio Version 16
VisualStudioVersion = 16.0.31424.327
MinimumVisualStudioVersion = 10.0.40219.1
Project("{FAE04EC0-301F-11D3-BF4B-00C04F79EFBC}") = "DocManagementSystem.DL", "DocManagementSystem.DL\DocManagementSystem.DL.csproj", "{257132EF-5F7D-472E-8DE4-9F367DDC1BD1}"
EndProject
Project("{FAE04EC0-301F-11D3-BF4B-00C04F79EFBC}") = "DocManagementSystem.BL", "DocManagementSystem.BL\DocManagementSystem.BL.csproj", "{59085182-E567-4C6E-BCBF-50899528E9A8}"
EndProject
Project("{FAE04EC0-301F-11D3-BF4B-00C04F79EFBC}") = "DocManagementSystem.Entity", "DocManagementSystem.Entity\DocManagementSystem.Entity.csproj", "{C4E928BE-C44D-4A6F-A143-FEE5CECFEDEE}"
EndProject
Project("{FAE04EC0-301F-11D3-BF4B-00C04F79EFBC}") = "DocManagementSystem.PL", "DocManagementSystem.PL\DocManagementSystem.PL.csproj", "{D445C0EB-FAAD-40E9-A1FA-F097BF8A354B}"
EndProject
Project("{FAE04EC0-301F-11D3-BF4B-00C04F79EFBC}") = "DocManagementSystem.CustomExceptions", "DocManagementSystem.CustomExceptions\DocManagementSystem.CustomExceptions.csproj", "{48E18C06-7F92-4ABF-9DDA-4976278E1A03}"
EndProject
Global
	GlobalSection(SolutionConfigurationPlatforms) = preSolution
		Debug|Any CPU = Debug|Any CPU
		Release|Any CPU = Release|Any CPU
	EndGlobalSection
	GlobalSection(ProjectConfigurationPlatforms) = postSolution
		{257132EF-5F7D-472E-8DE4-9F367DDC1BD1}.Debug|Any CPU.ActiveCfg = Debug|Any CPU
		{257132EF-5F7D-472E-8DE4-9F367DDC1BD1}.Debug|Any CPU.Build.0 = Debug|Any CPU
		{257132EF-5F7D-472E-8DE4-9F367DDC1BD1}.Release|Any CPU.ActiveCfg = Release|Any CPU
		{257132EF-5F7D-472E-8DE4-9F367DDC1BD1}.Release|Any CPU.Build.0 = Release|Any CPU
		{59085182-E567-4C6E-BCBF-50899528E9A8}.Debug|Any CPU.ActiveCfg = Debug|Any CPU
		{59085182-E567-4C6E-BCBF-50899528E9A8}.Debug|Any CPU.Build.0 = Debug|Any CPU
		{59085182-E567-4C6E-BCBF-50899528E9A8}.Release|Any CPU.ActiveCfg = Release|Any CPU
		{59085182-E567-4C6E-BCBF-50899528E9A8}.Release|Any CPU.Build.0 = Release|Any CPU
		{C4E928BE-C44D-4A6F-A143-FEE5CECFEDEE}.Debug|Any CPU.ActiveCfg = Debug|Any CPU
		{C4E928BE-C44D-4A6F-A143-FEE5CECFEDEE}.Debug|Any CPU.Build.0 = Debug|Any CPU
		{C4E928BE-C44D-4A6F-A143-FEE5CECFEDEE}.Release|Any CPU.ActiveCfg = Release|Any CPU
		{C4E928BE-C44D-4A6F-A143-FEE5CECFEDEE}.Release|Any CPU.Build.0 = Release|Any CPU
		{D445C0EB-FAAD-40E9-A1FA-F097BF8A354B}.Debug|Any CPU.ActiveCfg = Debug|Any CPU
		{D445C0EB-FAAD-40E9-A1FA-F097BF8A354B}.Debug|Any CPU.Build.0 = Debug|Any CPU
		{D445C0EB-FAAD-40E9-A1FA-F097BF8A354B}.Release|Any CPU.ActiveCfg = Release|Any CPU
		{D445C0EB-FAAD-40E9-A1FA-F097BF8A354B}.Release|Any CPU.Build.0 = Release|Any CPU
		{48E18C06-7F92-4ABF-9DDA-4976278E1A03}.Debug|Any CPU.ActiveCfg = Debug|Any CPU
		{48E18C06-7F92-4ABF-9DDA-4976278E1A03}.Debug|Any CPU.Build.0 = Debug|Any CPU
		{48E18C06-7F92-4ABF-9DDA-4976278E1A03}.Release|Any CPU.ActiveCfg = Release|Any CPU
		{48E18C06-7F92-4ABF-9DDA-4976278E1A03}.Release|Any CPU.Build.0 = Release|Any CPU
	EndGlobalSection
	GlobalSection(SolutionProperties) = preSolution
		HideSolutionNode = FALSE
	EndGlobalSection
	GlobalSection(ExtensibilityGlobals) = postSolution
		SolutionGuid = {73B1BDD0-D0E4-4BCA-8EDB-2379B118F13C}
	EndGlobalSection
EndGlobal
